{
  "requires": true,
  "lockfileVersion": 1,
  "dependencies": {
    "libsodium": {
      "version": "0.7.8",
      "resolved": "https://registry.npmjs.org/libsodium/-/libsodium-0.7.8.tgz",
      "integrity": "sha512-/Qc+APf0jbeWSaeEruH0L1/tbbT+sbf884ZL0/zV/0JXaDPBzYkKbyb/wmxMHgAHzm3t6gqe7bOOXAVwfqVikQ=="
    },
    "libsodium-wrappers": {
      "version": "0.7.8",
      "resolved": "https://registry.npmjs.org/libsodium-wrappers/-/libsodium-wrappers-0.7.8.tgz",
      "integrity": "sha512-PDhPWXBqd/SaqAFUBgH2Ux7b3VEEJgyD6BQB+VdNFJb9PbExGr/T/myc/MBoSvl8qLzfm0W0IVByOQS5L1MrCg==",
      "requires": {
        "libsodium": "0.7.8"
      }
    }
  }
}
